// !$*UTF8*$!
{
	archiveVersion = 1;
	classes = {
	};
	objectVersion = 56;
	objects = {

/* Begin PBXBuildFile section */
		4F29879E2C18DA6D00B2746F /* SwiftXLSX in Frameworks */ = {isa = PBXBuildFile; productRef = 4F29879D2C18DA6D00B2746F /* SwiftXLSX */; };
		4F2987B32C1A627000B2746F /* MainModel.swift in Sources */ = {isa = PBXBuildFile; fileRef = 4F2987B22C1A627000B2746F /* MainModel.swift */; };
		4F2987B72C1A649E00B2746F /* bigJSON.json in Resources */ = {isa = PBXBuildFile; fileRef = 4F2987B42C1A649E00B2746F /* bigJSON.json */; };
		4F2987B82C1A649E00B2746F /* forth.json in Resources */ = {isa = PBXBuildFile; fileRef = 4F2987B52C1A649E00B2746F /* forth.json */; };
		4F2987B92C1A649E00B2746F /* third.json in Resources */ = {isa = PBXBuildFile; fileRef = 4F2987B62C1A649E00B2746F /* third.json */; };
		4F2987BB2C1A6A3A00B2746F /* DataModel.swift in Sources */ = {isa = PBXBuildFile; fileRef = 4F2987BA2C1A6A3A00B2746F /* DataModel.swift */; };
		4F2987BD2C1B834800B2746F /* TEST JSON.swift in Sources */ = {isa = PBXBuildFile; fileRef = 4F2987BC2C1B834800B2746F /* TEST JSON.swift */; };
		4F2987BF2C1B87B700B2746F /* ColorNameEng.swift in Sources */ = {isa = PBXBuildFile; fileRef = 4F2987BE2C1B87B700B2746F /* ColorNameEng.swift */; };
		4F2987C42C1BAFB400B2746F /* LayoutDSL.swift in Sources */ = {isa = PBXBuildFile; fileRef = 4F2987C32C1BAFB400B2746F /* LayoutDSL.swift */; };
		4F2988502C21B3CA00B2746F /* SizeInfo.swift in Sources */ = {isa = PBXBuildFile; fileRef = 4F29884F2C21B3CA00B2746F /* SizeInfo.swift */; };
		4F2988522C21D0F600B2746F /* SizeData.swift in Sources */ = {isa = PBXBuildFile; fileRef = 4F2988512C21D0F600B2746F /* SizeData.swift */; };
		4F29887C2C2436CE00B2746F /* ColumnName.swift in Sources */ = {isa = PBXBuildFile; fileRef = 4F29887B2C2436CE00B2746F /* ColumnName.swift */; };
		4F2988B52C2446C800B2746F /* App.swift in Sources */ = {isa = PBXBuildFile; fileRef = 4F2988B42C2446C800B2746F /* App.swift */; };
		4F2988B72C2446EA00B2746F /* MainView.swift in Sources */ = {isa = PBXBuildFile; fileRef = 4F2988B62C2446EA00B2746F /* MainView.swift */; };
		4F2988B92C24540200B2746F /* GetLinkView.swift in Sources */ = {isa = PBXBuildFile; fileRef = 4F2988B82C24540200B2746F /* GetLinkView.swift */; };
		4F3F45FB2C25F5010079C693 /* BagModel.swift in Sources */ = {isa = PBXBuildFile; fileRef = 4F3F45FA2C25F5010079C693 /* BagModel.swift */; };
		4F40FC8E2C167BBE00AEB662 /* ViewController.swift in Sources */ = {isa = PBXBuildFile; fileRef = 4F40FC8D2C167BBE00AEB662 /* ViewController.swift */; };
		4F40FC902C167BBF00AEB662 /* Assets.xcassets in Resources */ = {isa = PBXBuildFile; fileRef = 4F40FC8F2C167BBF00AEB662 /* Assets.xcassets */; };
		4F40FC9E2C167BBF00AEB662 /* testJSONTests.swift in Sources */ = {isa = PBXBuildFile; fileRef = 4F40FC9D2C167BBF00AEB662 /* testJSONTests.swift */; };
		4F40FCA82C167BBF00AEB662 /* testJSONUITests.swift in Sources */ = {isa = PBXBuildFile; fileRef = 4F40FCA72C167BBF00AEB662 /* testJSONUITests.swift */; };
		4F40FCAA2C167BBF00AEB662 /* testJSONUITestsLaunchTests.swift in Sources */ = {isa = PBXBuildFile; fileRef = 4F40FCA92C167BBF00AEB662 /* testJSONUITestsLaunchTests.swift */; };
		4F40FCB72C167C2000AEB662 /* Network.swift in Sources */ = {isa = PBXBuildFile; fileRef = 4F40FCB62C167C2000AEB662 /* Network.swift */; };
		4F40FCB92C167D0200AEB662 /* ProductProperties.swift in Sources */ = {isa = PBXBuildFile; fileRef = 4F40FCB82C167D0200AEB662 /* ProductProperties.swift */; };
		4F40FCBB2C167D2600AEB662 /* itemJSON.json in Resources */ = {isa = PBXBuildFile; fileRef = 4F40FCBA2C167D2600AEB662 /* itemJSON.json */; };
		4F40FCBD2C167D5900AEB662 /* ItemType.swift in Sources */ = {isa = PBXBuildFile; fileRef = 4F40FCBC2C167D5900AEB662 /* ItemType.swift */; };
		4F6032962C1741130074FCD5 /* XLHandler.swift in Sources */ = {isa = PBXBuildFile; fileRef = 4F6032952C1741130074FCD5 /* XLHandler.swift */; };
		4F914B0F2C24680A00821CCA /* SizePropertiesCreationView.swift in Sources */ = {isa = PBXBuildFile; fileRef = 4F914B0E2C24680A00821CCA /* SizePropertiesCreationView.swift */; };
		4F914B112C2497CC00821CCA /* Extension+String.swift in Sources */ = {isa = PBXBuildFile; fileRef = 4F914B102C2497CC00821CCA /* Extension+String.swift */; };
		4F914B132C24AB0C00821CCA /* ItemByColor.swift in Sources */ = {isa = PBXBuildFile; fileRef = 4F914B122C24AB0C00821CCA /* ItemByColor.swift */; };
		4F914B172C24BE2900821CCA /* DataModelConverted.swift in Sources */ = {isa = PBXBuildFile; fileRef = 4F914B162C24BE2900821CCA /* DataModelConverted.swift */; };
		4F914B192C24E2BE00821CCA /* BagsPropertiesView.swift in Sources */ = {isa = PBXBuildFile; fileRef = 4F914B182C24E2BE00821CCA /* BagsPropertiesView.swift */; };
		4F914B1B2C24F42300821CCA /* ModelConverter.swift in Sources */ = {isa = PBXBuildFile; fileRef = 4F914B1A2C24F42300821CCA /* ModelConverter.swift */; };
		4F914B1E2C25C04500821CCA /* DataController.swift in Sources */ = {isa = PBXBuildFile; fileRef = 4F914B1D2C25C04500821CCA /* DataController.swift */; };
/* End PBXBuildFile section */

/* Begin PBXContainerItemProxy section */
		4F40FC9A2C167BBF00AEB662 /* PBXContainerItemProxy */ = {
			isa = PBXContainerItemProxy;
			containerPortal = 4F40FC802C167BBE00AEB662 /* Project object */;
			proxyType = 1;
			remoteGlobalIDString = 4F40FC872C167BBE00AEB662;
			remoteInfo = testJSON;
		};
		4F40FCA42C167BBF00AEB662 /* PBXContainerItemProxy */ = {
			isa = PBXContainerItemProxy;
			containerPortal = 4F40FC802C167BBE00AEB662 /* Project object */;
			proxyType = 1;
			remoteGlobalIDString = 4F40FC872C167BBE00AEB662;
			remoteInfo = testJSON;
		};
/* End PBXContainerItemProxy section */

/* Begin PBXFileReference section */
		4F2987B22C1A627000B2746F /* MainModel.swift */ = {isa = PBXFileReference; lastKnownFileType = sourcecode.swift; path = MainModel.swift; sourceTree = "<group>"; };
		4F2987B42C1A649E00B2746F /* bigJSON.json */ = {isa = PBXFileReference; fileEncoding = 4; lastKnownFileType = text.json; path = bigJSON.json; sourceTree = "<group>"; };
		4F2987B52C1A649E00B2746F /* forth.json */ = {isa = PBXFileReference; fileEncoding = 4; lastKnownFileType = text.json; path = forth.json; sourceTree = "<group>"; };
		4F2987B62C1A649E00B2746F /* third.json */ = {isa = PBXFileReference; fileEncoding = 4; lastKnownFileType = text.json; path = third.json; sourceTree = "<group>"; };
		4F2987BA2C1A6A3A00B2746F /* DataModel.swift */ = {isa = PBXFileReference; lastKnownFileType = sourcecode.swift; path = DataModel.swift; sourceTree = "<group>"; };
		4F2987BC2C1B834800B2746F /* TEST JSON.swift */ = {isa = PBXFileReference; lastKnownFileType = sourcecode.swift; path = "TEST JSON.swift"; sourceTree = "<group>"; };
		4F2987BE2C1B87B700B2746F /* ColorNameEng.swift */ = {isa = PBXFileReference; lastKnownFileType = sourcecode.swift; path = ColorNameEng.swift; sourceTree = "<group>"; };
		4F2987C32C1BAFB400B2746F /* LayoutDSL.swift */ = {isa = PBXFileReference; lastKnownFileType = sourcecode.swift; path = LayoutDSL.swift; sourceTree = "<group>"; };
		4F29884F2C21B3CA00B2746F /* SizeInfo.swift */ = {isa = PBXFileReference; lastKnownFileType = sourcecode.swift; path = SizeInfo.swift; sourceTree = "<group>"; };
		4F2988512C21D0F600B2746F /* SizeData.swift */ = {isa = PBXFileReference; lastKnownFileType = sourcecode.swift; path = SizeData.swift; sourceTree = "<group>"; };
		4F29887B2C2436CE00B2746F /* ColumnName.swift */ = {isa = PBXFileReference; lastKnownFileType = sourcecode.swift; path = ColumnName.swift; sourceTree = "<group>"; };
		4F2988B42C2446C800B2746F /* App.swift */ = {isa = PBXFileReference; lastKnownFileType = sourcecode.swift; path = App.swift; sourceTree = "<group>"; };
		4F2988B62C2446EA00B2746F /* MainView.swift */ = {isa = PBXFileReference; lastKnownFileType = sourcecode.swift; path = MainView.swift; sourceTree = "<group>"; };
		4F2988B82C24540200B2746F /* GetLinkView.swift */ = {isa = PBXFileReference; lastKnownFileType = sourcecode.swift; path = GetLinkView.swift; sourceTree = "<group>"; };
		4F3F45FA2C25F5010079C693 /* BagModel.swift */ = {isa = PBXFileReference; lastKnownFileType = sourcecode.swift; path = BagModel.swift; sourceTree = "<group>"; };
		4F40FC882C167BBE00AEB662 /* Parser1688InfoToExcel.app */ = {isa = PBXFileReference; explicitFileType = wrapper.application; includeInIndex = 0; path = Parser1688InfoToExcel.app; sourceTree = BUILT_PRODUCTS_DIR; };
		4F40FC8D2C167BBE00AEB662 /* ViewController.swift */ = {isa = PBXFileReference; lastKnownFileType = sourcecode.swift; path = ViewController.swift; sourceTree = "<group>"; };
		4F40FC8F2C167BBF00AEB662 /* Assets.xcassets */ = {isa = PBXFileReference; lastKnownFileType = folder.assetcatalog; path = Assets.xcassets; sourceTree = "<group>"; };
		4F40FC992C167BBF00AEB662 /* Parser1688InfoToExcelTests.xctest */ = {isa = PBXFileReference; explicitFileType = wrapper.cfbundle; includeInIndex = 0; path = Parser1688InfoToExcelTests.xctest; sourceTree = BUILT_PRODUCTS_DIR; };
		4F40FC9D2C167BBF00AEB662 /* testJSONTests.swift */ = {isa = PBXFileReference; lastKnownFileType = sourcecode.swift; path = testJSONTests.swift; sourceTree = "<group>"; };
		4F40FCA32C167BBF00AEB662 /* Parser1688InfoToExcelUITests.xctest */ = {isa = PBXFileReference; explicitFileType = wrapper.cfbundle; includeInIndex = 0; path = Parser1688InfoToExcelUITests.xctest; sourceTree = BUILT_PRODUCTS_DIR; };
		4F40FCA72C167BBF00AEB662 /* testJSONUITests.swift */ = {isa = PBXFileReference; lastKnownFileType = sourcecode.swift; path = testJSONUITests.swift; sourceTree = "<group>"; };
		4F40FCA92C167BBF00AEB662 /* testJSONUITestsLaunchTests.swift */ = {isa = PBXFileReference; lastKnownFileType = sourcecode.swift; path = testJSONUITestsLaunchTests.swift; sourceTree = "<group>"; };
		4F40FCB62C167C2000AEB662 /* Network.swift */ = {isa = PBXFileReference; lastKnownFileType = sourcecode.swift; path = Network.swift; sourceTree = "<group>"; };
		4F40FCB82C167D0200AEB662 /* ProductProperties.swift */ = {isa = PBXFileReference; lastKnownFileType = sourcecode.swift; path = ProductProperties.swift; sourceTree = "<group>"; };
		4F40FCBA2C167D2600AEB662 /* itemJSON.json */ = {isa = PBXFileReference; fileEncoding = 4; lastKnownFileType = text.json; path = itemJSON.json; sourceTree = "<group>"; };
		4F40FCBC2C167D5900AEB662 /* ItemType.swift */ = {isa = PBXFileReference; lastKnownFileType = sourcecode.swift; path = ItemType.swift; sourceTree = "<group>"; };
		4F6032952C1741130074FCD5 /* XLHandler.swift */ = {isa = PBXFileReference; lastKnownFileType = sourcecode.swift; path = XLHandler.swift; sourceTree = "<group>"; };
		4F914B0E2C24680A00821CCA /* SizePropertiesCreationView.swift */ = {isa = PBXFileReference; lastKnownFileType = sourcecode.swift; path = SizePropertiesCreationView.swift; sourceTree = "<group>"; };
		4F914B102C2497CC00821CCA /* Extension+String.swift */ = {isa = PBXFileReference; lastKnownFileType = sourcecode.swift; path = "Extension+String.swift"; sourceTree = "<group>"; };
		4F914B122C24AB0C00821CCA /* ItemByColor.swift */ = {isa = PBXFileReference; lastKnownFileType = sourcecode.swift; path = ItemByColor.swift; sourceTree = "<group>"; };
		4F914B162C24BE2900821CCA /* DataModelConverted.swift */ = {isa = PBXFileReference; lastKnownFileType = sourcecode.swift; path = DataModelConverted.swift; sourceTree = "<group>"; };
		4F914B182C24E2BE00821CCA /* BagsPropertiesView.swift */ = {isa = PBXFileReference; lastKnownFileType = sourcecode.swift; path = BagsPropertiesView.swift; sourceTree = "<group>"; };
		4F914B1A2C24F42300821CCA /* ModelConverter.swift */ = {isa = PBXFileReference; lastKnownFileType = sourcecode.swift; path = ModelConverter.swift; sourceTree = "<group>"; };
		4F914B1D2C25C04500821CCA /* DataController.swift */ = {isa = PBXFileReference; lastKnownFileType = sourcecode.swift; path = DataController.swift; sourceTree = "<group>"; };
		4FDFA1072C25F21E009EF1DD /* Parser1688InfoToExcel.entitlements */ = {isa = PBXFileReference; fileEncoding = 4; lastKnownFileType = text.plist.entitlements; path = Parser1688InfoToExcel.entitlements; sourceTree = "<group>"; };
/* End PBXFileReference section */

/* Begin PBXFrameworksBuildPhase section */
		4F40FC852C167BBE00AEB662 /* Frameworks */ = {
			isa = PBXFrameworksBuildPhase;
			buildActionMask = 2147483647;
			files = (
				4F29879E2C18DA6D00B2746F /* SwiftXLSX in Frameworks */,
			);
			runOnlyForDeploymentPostprocessing = 0;
		};
		4F40FC962C167BBF00AEB662 /* Frameworks */ = {
			isa = PBXFrameworksBuildPhase;
			buildActionMask = 2147483647;
			files = (
			);
			runOnlyForDeploymentPostprocessing = 0;
		};
		4F40FCA02C167BBF00AEB662 /* Frameworks */ = {
			isa = PBXFrameworksBuildPhase;
			buildActionMask = 2147483647;
			files = (
			);
			runOnlyForDeploymentPostprocessing = 0;
		};
/* End PBXFrameworksBuildPhase section */

/* Begin PBXGroup section */
		4F2987C02C1B8A8400B2746F /* Models */ = {
			isa = PBXGroup;
			children = (
				4F3F45FA2C25F5010079C693 /* BagModel.swift */,
				4F40FCBC2C167D5900AEB662 /* ItemType.swift */,
				4F914B122C24AB0C00821CCA /* ItemByColor.swift */,
				4F40FCB82C167D0200AEB662 /* ProductProperties.swift */,
				4F2987BE2C1B87B700B2746F /* ColorNameEng.swift */,
				4F2987B22C1A627000B2746F /* MainModel.swift */,
				4F2987BA2C1A6A3A00B2746F /* DataModel.swift */,
				4F914B162C24BE2900821CCA /* DataModelConverted.swift */,
				4F914B1C2C24F48000821CCA /* Size */,
				4F914B102C2497CC00821CCA /* Extension+String.swift */,
			);
			path = Models;
			sourceTree = "<group>";
		};
		4F29887A2C2436B500B2746F /* XLCreator */ = {
			isa = PBXGroup;
			children = (
				4F6032952C1741130074FCD5 /* XLHandler.swift */,
				4F29887B2C2436CE00B2746F /* ColumnName.swift */,
			);
			path = XLCreator;
			sourceTree = "<group>";
		};
		4F3F45F72C25F4AB0079C693 /* OldVIews */ = {
			isa = PBXGroup;
			children = (
				4F40FC8D2C167BBE00AEB662 /* ViewController.swift */,
			);
			path = OldVIews;
			sourceTree = "<group>";
		};
		4F3F45F82C25F4CC0079C693 /* Controllers */ = {
			isa = PBXGroup;
			children = (
				4F914B1D2C25C04500821CCA /* DataController.swift */,
				4F914B1A2C24F42300821CCA /* ModelConverter.swift */,
				4F40FCB62C167C2000AEB662 /* Network.swift */,
				4F29887A2C2436B500B2746F /* XLCreator */,
			);
			path = Controllers;
			sourceTree = "<group>";
		};
		4F3F45F92C25F4D90079C693 /* Views */ = {
			isa = PBXGroup;
			children = (
				4F2988B82C24540200B2746F /* GetLinkView.swift */,
				4F914B0E2C24680A00821CCA /* SizePropertiesCreationView.swift */,
				4F914B182C24E2BE00821CCA /* BagsPropertiesView.swift */,
			);
			path = Views;
			sourceTree = "<group>";
		};
		4F3F45FC2C25F54A0079C693 /* JSON Files */ = {
			isa = PBXGroup;
			children = (
				4F2987BC2C1B834800B2746F /* TEST JSON.swift */,
				4F40FCBA2C167D2600AEB662 /* itemJSON.json */,
				4F2987B42C1A649E00B2746F /* bigJSON.json */,
				4F2987B52C1A649E00B2746F /* forth.json */,
				4F2987B62C1A649E00B2746F /* third.json */,
			);
			path = "JSON Files";
			sourceTree = "<group>";
		};
		4F3F45FD2C25F55A0079C693 /* Extensions */ = {
			isa = PBXGroup;
			children = (
				4F2987C32C1BAFB400B2746F /* LayoutDSL.swift */,
			);
			path = Extensions;
			sourceTree = "<group>";
		};
		4F40FC7F2C167BBE00AEB662 = {
			isa = PBXGroup;
			children = (
				4F40FC8A2C167BBE00AEB662 /* Parser1688InfoToExcel */,
				4F40FC9C2C167BBF00AEB662 /* testJSONTests */,
				4F40FCA62C167BBF00AEB662 /* testJSONUITests */,
				4F40FC892C167BBE00AEB662 /* Products */,
			);
			sourceTree = "<group>";
		};
		4F40FC892C167BBE00AEB662 /* Products */ = {
			isa = PBXGroup;
			children = (
				4F40FC882C167BBE00AEB662 /* Parser1688InfoToExcel.app */,
				4F40FC992C167BBF00AEB662 /* Parser1688InfoToExcelTests.xctest */,
				4F40FCA32C167BBF00AEB662 /* Parser1688InfoToExcelUITests.xctest */,
			);
			name = Products;
			sourceTree = "<group>";
		};
		4F40FC8A2C167BBE00AEB662 /* Parser1688InfoToExcel */ = {
			isa = PBXGroup;
			children = (
				4F2988B42C2446C800B2746F /* App.swift */,
				4F2988B62C2446EA00B2746F /* MainView.swift */,
				4F3F45F82C25F4CC0079C693 /* Controllers */,
				4F3F45F92C25F4D90079C693 /* Views */,
				4F3F45F72C25F4AB0079C693 /* OldVIews */,
				4F2987C02C1B8A8400B2746F /* Models */,
				4F3F45FD2C25F55A0079C693 /* Extensions */,
				4F3F45FC2C25F54A0079C693 /* JSON Files */,
				4FDFA1072C25F21E009EF1DD /* Parser1688InfoToExcel.entitlements */,
				4F40FC8F2C167BBF00AEB662 /* Assets.xcassets */,
			);
			path = Parser1688InfoToExcel;
			sourceTree = "<group>";
		};
		4F40FC9C2C167BBF00AEB662 /* testJSONTests */ = {
			isa = PBXGroup;
			children = (
				4F40FC9D2C167BBF00AEB662 /* testJSONTests.swift */,
			);
			path = testJSONTests;
			sourceTree = "<group>";
		};
		4F40FCA62C167BBF00AEB662 /* testJSONUITests */ = {
			isa = PBXGroup;
			children = (
				4F40FCA72C167BBF00AEB662 /* testJSONUITests.swift */,
				4F40FCA92C167BBF00AEB662 /* testJSONUITestsLaunchTests.swift */,
			);
			path = testJSONUITests;
			sourceTree = "<group>";
		};
		4F914B1C2C24F48000821CCA /* Size */ = {
			isa = PBXGroup;
			children = (
				4F29884F2C21B3CA00B2746F /* SizeInfo.swift */,
				4F2988512C21D0F600B2746F /* SizeData.swift */,
			);
			path = Size;
			sourceTree = "<group>";
		};
/* End PBXGroup section */

/* Begin PBXNativeTarget section */
		4F40FC872C167BBE00AEB662 /* Parser1688InfoToExcel */ = {
			isa = PBXNativeTarget;
			buildConfigurationList = 4F40FCAD2C167BBF00AEB662 /* Build configuration list for PBXNativeTarget "Parser1688InfoToExcel" */;
			buildPhases = (
				4F40FC842C167BBE00AEB662 /* Sources */,
				4F40FC852C167BBE00AEB662 /* Frameworks */,
				4F40FC862C167BBE00AEB662 /* Resources */,
			);
			buildRules = (
			);
			dependencies = (
			);
			name = Parser1688InfoToExcel;
			packageProductDependencies = (
				4F29879D2C18DA6D00B2746F /* SwiftXLSX */,
			);
			productName = testJSON;
			productReference = 4F40FC882C167BBE00AEB662 /* Parser1688InfoToExcel.app */;
			productType = "com.apple.product-type.application";
		};
		4F40FC982C167BBF00AEB662 /* Parser1688InfoToExcelTests */ = {
			isa = PBXNativeTarget;
			buildConfigurationList = 4F40FCB02C167BBF00AEB662 /* Build configuration list for PBXNativeTarget "Parser1688InfoToExcelTests" */;
			buildPhases = (
				4F40FC952C167BBF00AEB662 /* Sources */,
				4F40FC962C167BBF00AEB662 /* Frameworks */,
				4F40FC972C167BBF00AEB662 /* Resources */,
			);
			buildRules = (
			);
			dependencies = (
				4F40FC9B2C167BBF00AEB662 /* PBXTargetDependency */,
			);
			name = Parser1688InfoToExcelTests;
			productName = testJSONTests;
			productReference = 4F40FC992C167BBF00AEB662 /* Parser1688InfoToExcelTests.xctest */;
			productType = "com.apple.product-type.bundle.unit-test";
		};
		4F40FCA22C167BBF00AEB662 /* Parser1688InfoToExcelUITests */ = {
			isa = PBXNativeTarget;
			buildConfigurationList = 4F40FCB32C167BBF00AEB662 /* Build configuration list for PBXNativeTarget "Parser1688InfoToExcelUITests" */;
			buildPhases = (
				4F40FC9F2C167BBF00AEB662 /* Sources */,
				4F40FCA02C167BBF00AEB662 /* Frameworks */,
				4F40FCA12C167BBF00AEB662 /* Resources */,
			);
			buildRules = (
			);
			dependencies = (
				4F40FCA52C167BBF00AEB662 /* PBXTargetDependency */,
			);
			name = Parser1688InfoToExcelUITests;
			productName = testJSONUITests;
			productReference = 4F40FCA32C167BBF00AEB662 /* Parser1688InfoToExcelUITests.xctest */;
			productType = "com.apple.product-type.bundle.ui-testing";
		};
/* End PBXNativeTarget section */

/* Begin PBXProject section */
		4F40FC802C167BBE00AEB662 /* Project object */ = {
			isa = PBXProject;
			attributes = {
				BuildIndependentTargetsInParallel = 1;
				LastSwiftUpdateCheck = 1530;
				LastUpgradeCheck = 1530;
				TargetAttributes = {
					4F40FC872C167BBE00AEB662 = {
						CreatedOnToolsVersion = 15.3;
					};
					4F40FC982C167BBF00AEB662 = {
						CreatedOnToolsVersion = 15.3;
						TestTargetID = 4F40FC872C167BBE00AEB662;
					};
					4F40FCA22C167BBF00AEB662 = {
						CreatedOnToolsVersion = 15.3;
						TestTargetID = 4F40FC872C167BBE00AEB662;
					};
				};
			};
			buildConfigurationList = 4F40FC832C167BBE00AEB662 /* Build configuration list for PBXProject "Parser1688InfoToExcel" */;
			compatibilityVersion = "Xcode 14.0";
			developmentRegion = en;
			hasScannedForEncodings = 0;
			knownRegions = (
				en,
				Base,
			);
			mainGroup = 4F40FC7F2C167BBE00AEB662;
			packageReferences = (
				4F29879C2C18D94A00B2746F /* XCRemoteSwiftPackageReference "SwiftXLSX" */,
			);
			productRefGroup = 4F40FC892C167BBE00AEB662 /* Products */;
			projectDirPath = "";
			projectRoot = "";
			targets = (
				4F40FC872C167BBE00AEB662 /* Parser1688InfoToExcel */,
				4F40FC982C167BBF00AEB662 /* Parser1688InfoToExcelTests */,
				4F40FCA22C167BBF00AEB662 /* Parser1688InfoToExcelUITests */,
			);
		};
/* End PBXProject section */

/* Begin PBXResourcesBuildPhase section */
		4F40FC862C167BBE00AEB662 /* Resources */ = {
			isa = PBXResourcesBuildPhase;
			buildActionMask = 2147483647;
			files = (
				4F2987B92C1A649E00B2746F /* third.json in Resources */,
				4F2987B72C1A649E00B2746F /* bigJSON.json in Resources */,
				4F2987B82C1A649E00B2746F /* forth.json in Resources */,
				4F40FCBB2C167D2600AEB662 /* itemJSON.json in Resources */,
				4F40FC902C167BBF00AEB662 /* Assets.xcassets in Resources */,
			);
			runOnlyForDeploymentPostprocessing = 0;
		};
		4F40FC972C167BBF00AEB662 /* Resources */ = {
			isa = PBXResourcesBuildPhase;
			buildActionMask = 2147483647;
			files = (
			);
			runOnlyForDeploymentPostprocessing = 0;
		};
		4F40FCA12C167BBF00AEB662 /* Resources */ = {
			isa = PBXResourcesBuildPhase;
			buildActionMask = 2147483647;
			files = (
			);
			runOnlyForDeploymentPostprocessing = 0;
		};
/* End PBXResourcesBuildPhase section */

/* Begin PBXSourcesBuildPhase section */
		4F40FC842C167BBE00AEB662 /* Sources */ = {
			isa = PBXSourcesBuildPhase;
			buildActionMask = 2147483647;
			files = (
				4F914B172C24BE2900821CCA /* DataModelConverted.swift in Sources */,
				4F2987BF2C1B87B700B2746F /* ColorNameEng.swift in Sources */,
				4F6032962C1741130074FCD5 /* XLHandler.swift in Sources */,
				4F40FCB92C167D0200AEB662 /* ProductProperties.swift in Sources */,
				4F914B1E2C25C04500821CCA /* DataController.swift in Sources */,
				4F2987C42C1BAFB400B2746F /* LayoutDSL.swift in Sources */,
				4F2988522C21D0F600B2746F /* SizeData.swift in Sources */,
				4F2988B72C2446EA00B2746F /* MainView.swift in Sources */,
				4F2987BD2C1B834800B2746F /* TEST JSON.swift in Sources */,
				4F914B0F2C24680A00821CCA /* SizePropertiesCreationView.swift in Sources */,
				4F40FC8E2C167BBE00AEB662 /* ViewController.swift in Sources */,
				4F2988B52C2446C800B2746F /* App.swift in Sources */,
				4F3F45FB2C25F5010079C693 /* BagModel.swift in Sources */,
				4F29887C2C2436CE00B2746F /* ColumnName.swift in Sources */,
				4F914B1B2C24F42300821CCA /* ModelConverter.swift in Sources */,
				4F2987BB2C1A6A3A00B2746F /* DataModel.swift in Sources */,
				4F2987B32C1A627000B2746F /* MainModel.swift in Sources */,
				4F914B132C24AB0C00821CCA /* ItemByColor.swift in Sources */,
				4F40FCB72C167C2000AEB662 /* Network.swift in Sources */,
				4F40FCBD2C167D5900AEB662 /* ItemType.swift in Sources */,
				4F914B112C2497CC00821CCA /* Extension+String.swift in Sources */,
				4F2988B92C24540200B2746F /* GetLinkView.swift in Sources */,
				4F2988502C21B3CA00B2746F /* SizeInfo.swift in Sources */,
				4F914B192C24E2BE00821CCA /* BagsPropertiesView.swift in Sources */,
			);
			runOnlyForDeploymentPostprocessing = 0;
		};
		4F40FC952C167BBF00AEB662 /* Sources */ = {
			isa = PBXSourcesBuildPhase;
			buildActionMask = 2147483647;
			files = (
				4F40FC9E2C167BBF00AEB662 /* testJSONTests.swift in Sources */,
			);
			runOnlyForDeploymentPostprocessing = 0;
		};
		4F40FC9F2C167BBF00AEB662 /* Sources */ = {
			isa = PBXSourcesBuildPhase;
			buildActionMask = 2147483647;
			files = (
				4F40FCAA2C167BBF00AEB662 /* testJSONUITestsLaunchTests.swift in Sources */,
				4F40FCA82C167BBF00AEB662 /* testJSONUITests.swift in Sources */,
			);
			runOnlyForDeploymentPostprocessing = 0;
		};
/* End PBXSourcesBuildPhase section */

/* Begin PBXTargetDependency section */
		4F40FC9B2C167BBF00AEB662 /* PBXTargetDependency */ = {
			isa = PBXTargetDependency;
			target = 4F40FC872C167BBE00AEB662 /* Parser1688InfoToExcel */;
			targetProxy = 4F40FC9A2C167BBF00AEB662 /* PBXContainerItemProxy */;
		};
		4F40FCA52C167BBF00AEB662 /* PBXTargetDependency */ = {
			isa = PBXTargetDependency;
			target = 4F40FC872C167BBE00AEB662 /* Parser1688InfoToExcel */;
			targetProxy = 4F40FCA42C167BBF00AEB662 /* PBXContainerItemProxy */;
		};
/* End PBXTargetDependency section */

/* Begin XCBuildConfiguration section */
		4F40FCAB2C167BBF00AEB662 /* Debug */ = {
			isa = XCBuildConfiguration;
			buildSettings = {
				ALWAYS_SEARCH_USER_PATHS = NO;
				ASSETCATALOG_COMPILER_GENERATE_SWIFT_ASSET_SYMBOL_EXTENSIONS = YES;
				CLANG_ANALYZER_NONNULL = YES;
				CLANG_ANALYZER_NUMBER_OBJECT_CONVERSION = YES_AGGRESSIVE;
				CLANG_CXX_LANGUAGE_STANDARD = "gnu++20";
				CLANG_ENABLE_MODULES = YES;
				CLANG_ENABLE_OBJC_ARC = YES;
				CLANG_ENABLE_OBJC_WEAK = YES;
				CLANG_WARN_BLOCK_CAPTURE_AUTORELEASING = YES;
				CLANG_WARN_BOOL_CONVERSION = YES;
				CLANG_WARN_COMMA = YES;
				CLANG_WARN_CONSTANT_CONVERSION = YES;
				CLANG_WARN_DEPRECATED_OBJC_IMPLEMENTATIONS = YES;
				CLANG_WARN_DIRECT_OBJC_ISA_USAGE = YES_ERROR;
				CLANG_WARN_DOCUMENTATION_COMMENTS = YES;
				CLANG_WARN_EMPTY_BODY = YES;
				CLANG_WARN_ENUM_CONVERSION = YES;
				CLANG_WARN_INFINITE_RECURSION = YES;
				CLANG_WARN_INT_CONVERSION = YES;
				CLANG_WARN_NON_LITERAL_NULL_CONVERSION = YES;
				CLANG_WARN_OBJC_IMPLICIT_RETAIN_SELF = YES;
				CLANG_WARN_OBJC_LITERAL_CONVERSION = YES;
				CLANG_WARN_OBJC_ROOT_CLASS = YES_ERROR;
				CLANG_WARN_QUOTED_INCLUDE_IN_FRAMEWORK_HEADER = YES;
				CLANG_WARN_RANGE_LOOP_ANALYSIS = YES;
				CLANG_WARN_STRICT_PROTOTYPES = YES;
				CLANG_WARN_SUSPICIOUS_MOVE = YES;
				CLANG_WARN_UNGUARDED_AVAILABILITY = YES_AGGRESSIVE;
				CLANG_WARN_UNREACHABLE_CODE = YES;
				CLANG_WARN__DUPLICATE_METHOD_MATCH = YES;
				COPY_PHASE_STRIP = NO;
				DEBUG_INFORMATION_FORMAT = dwarf;
				ENABLE_STRICT_OBJC_MSGSEND = YES;
				ENABLE_TESTABILITY = YES;
				ENABLE_USER_SCRIPT_SANDBOXING = YES;
				GCC_C_LANGUAGE_STANDARD = gnu17;
				GCC_DYNAMIC_NO_PIC = NO;
				GCC_NO_COMMON_BLOCKS = YES;
				GCC_OPTIMIZATION_LEVEL = 0;
				GCC_PREPROCESSOR_DEFINITIONS = (
					"DEBUG=1",
					"$(inherited)",
				);
				GCC_WARN_64_TO_32_BIT_CONVERSION = YES;
				GCC_WARN_ABOUT_RETURN_TYPE = YES_ERROR;
				GCC_WARN_UNDECLARED_SELECTOR = YES;
				GCC_WARN_UNINITIALIZED_AUTOS = YES_AGGRESSIVE;
				GCC_WARN_UNUSED_FUNCTION = YES;
				GCC_WARN_UNUSED_VARIABLE = YES;
				LOCALIZATION_PREFERS_STRING_CATALOGS = YES;
				MACOSX_DEPLOYMENT_TARGET = 14.4;
				MTL_ENABLE_DEBUG_INFO = INCLUDE_SOURCE;
				MTL_FAST_MATH = YES;
				ONLY_ACTIVE_ARCH = YES;
				SDKROOT = macosx;
				SWIFT_ACTIVE_COMPILATION_CONDITIONS = "DEBUG $(inherited)";
				SWIFT_OPTIMIZATION_LEVEL = "-Onone";
			};
			name = Debug;
		};
		4F40FCAC2C167BBF00AEB662 /* Release */ = {
			isa = XCBuildConfiguration;
			buildSettings = {
				ALWAYS_SEARCH_USER_PATHS = NO;
				ASSETCATALOG_COMPILER_GENERATE_SWIFT_ASSET_SYMBOL_EXTENSIONS = YES;
				CLANG_ANALYZER_NONNULL = YES;
				CLANG_ANALYZER_NUMBER_OBJECT_CONVERSION = YES_AGGRESSIVE;
				CLANG_CXX_LANGUAGE_STANDARD = "gnu++20";
				CLANG_ENABLE_MODULES = YES;
				CLANG_ENABLE_OBJC_ARC = YES;
				CLANG_ENABLE_OBJC_WEAK = YES;
				CLANG_WARN_BLOCK_CAPTURE_AUTORELEASING = YES;
				CLANG_WARN_BOOL_CONVERSION = YES;
				CLANG_WARN_COMMA = YES;
				CLANG_WARN_CONSTANT_CONVERSION = YES;
				CLANG_WARN_DEPRECATED_OBJC_IMPLEMENTATIONS = YES;
				CLANG_WARN_DIRECT_OBJC_ISA_USAGE = YES_ERROR;
				CLANG_WARN_DOCUMENTATION_COMMENTS = YES;
				CLANG_WARN_EMPTY_BODY = YES;
				CLANG_WARN_ENUM_CONVERSION = YES;
				CLANG_WARN_INFINITE_RECURSION = YES;
				CLANG_WARN_INT_CONVERSION = YES;
				CLANG_WARN_NON_LITERAL_NULL_CONVERSION = YES;
				CLANG_WARN_OBJC_IMPLICIT_RETAIN_SELF = YES;
				CLANG_WARN_OBJC_LITERAL_CONVERSION = YES;
				CLANG_WARN_OBJC_ROOT_CLASS = YES_ERROR;
				CLANG_WARN_QUOTED_INCLUDE_IN_FRAMEWORK_HEADER = YES;
				CLANG_WARN_RANGE_LOOP_ANALYSIS = YES;
				CLANG_WARN_STRICT_PROTOTYPES = YES;
				CLANG_WARN_SUSPICIOUS_MOVE = YES;
				CLANG_WARN_UNGUARDED_AVAILABILITY = YES_AGGRESSIVE;
				CLANG_WARN_UNREACHABLE_CODE = YES;
				CLANG_WARN__DUPLICATE_METHOD_MATCH = YES;
				COPY_PHASE_STRIP = NO;
				DEBUG_INFORMATION_FORMAT = "dwarf-with-dsym";
				ENABLE_NS_ASSERTIONS = NO;
				ENABLE_STRICT_OBJC_MSGSEND = YES;
				ENABLE_USER_SCRIPT_SANDBOXING = YES;
				GCC_C_LANGUAGE_STANDARD = gnu17;
				GCC_NO_COMMON_BLOCKS = YES;
				GCC_WARN_64_TO_32_BIT_CONVERSION = YES;
				GCC_WARN_ABOUT_RETURN_TYPE = YES_ERROR;
				GCC_WARN_UNDECLARED_SELECTOR = YES;
				GCC_WARN_UNINITIALIZED_AUTOS = YES_AGGRESSIVE;
				GCC_WARN_UNUSED_FUNCTION = YES;
				GCC_WARN_UNUSED_VARIABLE = YES;
				LOCALIZATION_PREFERS_STRING_CATALOGS = YES;
				MACOSX_DEPLOYMENT_TARGET = 14.4;
				MTL_ENABLE_DEBUG_INFO = NO;
				MTL_FAST_MATH = YES;
				SDKROOT = macosx;
				SWIFT_COMPILATION_MODE = wholemodule;
			};
			name = Release;
		};
		4F40FCAE2C167BBF00AEB662 /* Debug */ = {
			isa = XCBuildConfiguration;
			buildSettings = {
				ASSETCATALOG_COMPILER_APPICON_NAME = AppIcon;
				ASSETCATALOG_COMPILER_GLOBAL_ACCENT_COLOR_NAME = AccentColor;
				CODE_SIGN_ENTITLEMENTS = Parser1688InfoToExcel/Parser1688InfoToExcel.entitlements;
				"CODE_SIGN_IDENTITY[sdk=macosx*]" = "Apple Development";
				CODE_SIGN_STYLE = Automatic;
				COMBINE_HIDPI_IMAGES = YES;
				CURRENT_PROJECT_VERSION = 1;
				DEVELOPMENT_TEAM = M439QAGBDK;
				ENABLE_HARDENED_RUNTIME = YES;
				GENERATE_INFOPLIST_FILE = YES;
				INFOPLIST_KEY_NSHumanReadableCopyright = "";
				INFOPLIST_KEY_NSPrincipalClass = NSApplication;
				LD_RUNPATH_SEARCH_PATHS = (
					"$(inherited)",
					"@executable_path/../Frameworks",
				);
				MACOSX_DEPLOYMENT_TARGET = 14.0;
				MARKETING_VERSION = 1.0;
				PRODUCT_BUNDLE_IDENTIFIER = 1688InfoToExelParser;
				PRODUCT_NAME = "$(TARGET_NAME)";
				SWIFT_EMIT_LOC_STRINGS = YES;
				SWIFT_VERSION = 5.0;
			};
			name = Debug;
		};
		4F40FCAF2C167BBF00AEB662 /* Release */ = {
			isa = XCBuildConfiguration;
			buildSettings = {
				ASSETCATALOG_COMPILER_APPICON_NAME = AppIcon;
				ASSETCATALOG_COMPILER_GLOBAL_ACCENT_COLOR_NAME = AccentColor;
				CODE_SIGN_ENTITLEMENTS = Parser1688InfoToExcel/Parser1688InfoToExcel.entitlements;
				"CODE_SIGN_IDENTITY[sdk=macosx*]" = "Apple Development";
				CODE_SIGN_STYLE = Automatic;
				COMBINE_HIDPI_IMAGES = YES;
				CURRENT_PROJECT_VERSION = 1;
				DEVELOPMENT_TEAM = M439QAGBDK;
				ENABLE_HARDENED_RUNTIME = YES;
				GENERATE_INFOPLIST_FILE = YES;
				INFOPLIST_KEY_NSHumanReadableCopyright = "";
				INFOPLIST_KEY_NSPrincipalClass = NSApplication;
				LD_RUNPATH_SEARCH_PATHS = (
					"$(inherited)",
					"@executable_path/../Frameworks",
				);
				MACOSX_DEPLOYMENT_TARGET = 14.0;
				MARKETING_VERSION = 1.0;
				PRODUCT_BUNDLE_IDENTIFIER = 1688InfoToExelParser;
				PRODUCT_NAME = "$(TARGET_NAME)";
				SWIFT_EMIT_LOC_STRINGS = YES;
				SWIFT_VERSION = 5.0;
			};
			name = Release;
		};
		4F40FCB12C167BBF00AEB662 /* Debug */ = {
			isa = XCBuildConfiguration;
			buildSettings = {
				ALWAYS_EMBED_SWIFT_STANDARD_LIBRARIES = YES;
				BUNDLE_LOADER = "$(TEST_HOST)";
				CODE_SIGN_STYLE = Automatic;
				CURRENT_PROJECT_VERSION = 1;
				DEVELOPMENT_TEAM = M439QAGBDK;
				GENERATE_INFOPLIST_FILE = YES;
				MACOSX_DEPLOYMENT_TARGET = 14.4;
				MARKETING_VERSION = 1.0;
				PRODUCT_BUNDLE_IDENTIFIER = delete.testJSONTests;
				PRODUCT_NAME = "$(TARGET_NAME)";
				SWIFT_EMIT_LOC_STRINGS = NO;
				SWIFT_VERSION = 5.0;
				TEST_HOST = "$(BUILT_PRODUCTS_DIR)/Parser1688InfoToExcel.app/$(BUNDLE_EXECUTABLE_FOLDER_PATH)/Parser1688InfoToExcel";
			};
			name = Debug;
		};
		4F40FCB22C167BBF00AEB662 /* Release */ = {
			isa = XCBuildConfiguration;
			buildSettings = {
				ALWAYS_EMBED_SWIFT_STANDARD_LIBRARIES = YES;
				BUNDLE_LOADER = "$(TEST_HOST)";
				CODE_SIGN_STYLE = Automatic;
				CURRENT_PROJECT_VERSION = 1;
				DEVELOPMENT_TEAM = M439QAGBDK;
				GENERATE_INFOPLIST_FILE = YES;
				MACOSX_DEPLOYMENT_TARGET = 14.4;
				MARKETING_VERSION = 1.0;
				PRODUCT_BUNDLE_IDENTIFIER = delete.testJSONTests;
				PRODUCT_NAME = "$(TARGET_NAME)";
				SWIFT_EMIT_LOC_STRINGS = NO;
				SWIFT_VERSION = 5.0;
				TEST_HOST = "$(BUILT_PRODUCTS_DIR)/Parser1688InfoToExcel.app/$(BUNDLE_EXECUTABLE_FOLDER_PATH)/Parser1688InfoToExcel";
			};
			name = Release;
		};
		4F40FCB42C167BBF00AEB662 /* Debug */ = {
			isa = XCBuildConfiguration;
			buildSettings = {
				ALWAYS_EMBED_SWIFT_STANDARD_LIBRARIES = YES;
				CODE_SIGN_STYLE = Automatic;
				CURRENT_PROJECT_VERSION = 1;
				DEVELOPMENT_TEAM = M439QAGBDK;
				GENERATE_INFOPLIST_FILE = YES;
				MARKETING_VERSION = 1.0;
				PRODUCT_BUNDLE_IDENTIFIER = delete.testJSONUITests;
				PRODUCT_NAME = "$(TARGET_NAME)";
				SWIFT_EMIT_LOC_STRINGS = NO;
				SWIFT_VERSION = 5.0;
				TEST_TARGET_NAME = testJSON;
			};
			name = Debug;
		};
		4F40FCB52C167BBF00AEB662 /* Release */ = {
			isa = XCBuildConfiguration;
			buildSettings = {
				ALWAYS_EMBED_SWIFT_STANDARD_LIBRARIES = YES;
				CODE_SIGN_STYLE = Automatic;
				CURRENT_PROJECT_VERSION = 1;
				DEVELOPMENT_TEAM = M439QAGBDK;
				GENERATE_INFOPLIST_FILE = YES;
				MARKETING_VERSION = 1.0;
				PRODUCT_BUNDLE_IDENTIFIER = delete.testJSONUITests;
				PRODUCT_NAME = "$(TARGET_NAME)";
				SWIFT_EMIT_LOC_STRINGS = NO;
				SWIFT_VERSION = 5.0;
				TEST_TARGET_NAME = testJSON;
			};
			name = Release;
		};
/* End XCBuildConfiguration section */

/* Begin XCConfigurationList section */
		4F40FC832C167BBE00AEB662 /* Build configuration list for PBXProject "Parser1688InfoToExcel" */ = {
			isa = XCConfigurationList;
			buildConfigurations = (
				4F40FCAB2C167BBF00AEB662 /* Debug */,
				4F40FCAC2C167BBF00AEB662 /* Release */,
			);
			defaultConfigurationIsVisible = 0;
			defaultConfigurationName = Release;
		};
		4F40FCAD2C167BBF00AEB662 /* Build configuration list for PBXNativeTarget "Parser1688InfoToExcel" */ = {
			isa = XCConfigurationList;
			buildConfigurations = (
				4F40FCAE2C167BBF00AEB662 /* Debug */,
				4F40FCAF2C167BBF00AEB662 /* Release */,
			);
			defaultConfigurationIsVisible = 0;
			defaultConfigurationName = Release;
		};
		4F40FCB02C167BBF00AEB662 /* Build configuration list for PBXNativeTarget "Parser1688InfoToExcelTests" */ = {
			isa = XCConfigurationList;
			buildConfigurations = (
				4F40FCB12C167BBF00AEB662 /* Debug */,
				4F40FCB22C167BBF00AEB662 /* Release */,
			);
			defaultConfigurationIsVisible = 0;
			defaultConfigurationName = Release;
		};
		4F40FCB32C167BBF00AEB662 /* Build configuration list for PBXNativeTarget "Parser1688InfoToExcelUITests" */ = {
			isa = XCConfigurationList;
			buildConfigurations = (
				4F40FCB42C167BBF00AEB662 /* Debug */,
				4F40FCB52C167BBF00AEB662 /* Release */,
			);
			defaultConfigurationIsVisible = 0;
			defaultConfigurationName = Release;
		};
/* End XCConfigurationList section */

/* Begin XCRemoteSwiftPackageReference section */
		4F29879C2C18D94A00B2746F /* XCRemoteSwiftPackageReference "SwiftXLSX" */ = {
			isa = XCRemoteSwiftPackageReference;
			repositoryURL = "https://github.com/3973770/SwiftXLSX";
			requirement = {
				branch = main;
				kind = branch;
			};
		};
/* End XCRemoteSwiftPackageReference section */

/* Begin XCSwiftPackageProductDependency section */
		4F29879D2C18DA6D00B2746F /* SwiftXLSX */ = {
			isa = XCSwiftPackageProductDependency;
			package = 4F29879C2C18D94A00B2746F /* XCRemoteSwiftPackageReference "SwiftXLSX" */;
			productName = SwiftXLSX;
		};
/* End XCSwiftPackageProductDependency section */
	};
	rootObject = 4F40FC802C167BBE00AEB662 /* Project object */;
}
