{
  "originHash" : "4908f6497a94df982353c0f4e904fc9705295bfee173bf3ebe7caaf4a1674c2e",
  "pins" : [
    {
      "identity" : "swiftxlsx",
      "kind" : "remoteSourceControl",
      "location" : "https://github.com/3973770/SwiftXLSX",
      "state" : {
        "branch" : "main",
        "revision" : "6414cb5f3827a99bfcde2a26f2ecb2c0a35b4982"
      }
    },
    {
      "identity" : "ziparchive",
      "kind" : "remoteSourceControl",
      "location" : "https://github.com/ZipArchive/ZipArchive.git",
      "state" : {
        "revision" : "38e0ce0598e06b034271f296a8e15b149c91aa19",
        "version" : "2.4.3"
      }
    }
  ],
  "version" : 3
}
